# This file is automatically @generated by Cargo.
# It is not intended for manual editing.
version = 4

[[package]]
name = "fcb"
version = "0.1.0"
dependencies = [
 "fcb-core",
 "fcb-map",
 "fcb-search",
 "fcb-source",
 "fcb-store",
 "fcb-test-support",
]

[[package]]
name = "fcb-app"
version = "0.1.0"
dependencies = [
 "fcb",
 "fcb-core",
]

[[package]]
name = "fcb-conformance"
version = "0.1.0"

[[package]]
name = "fcb-core"
version = "0.1.0"

[[package]]
name = "fcb-map"
version = "0.1.0"
dependencies = [
 "fcb-core",
 "fcb-test-support",
]

[[package]]
name = "fcb-runtime"
version = "0.1.0"
dependencies = [
 "fcb-core",
]

[[package]]
name = "fcb-search"
version = "0.1.0"
dependencies = [
 "fcb-core",
 "fcb-source",
 "fcb-test-support",
]

[[package]]
name = "fcb-source"
version = "0.1.0"
dependencies = [
 "fcb-core",
 "fcb-test-support",
]

[[package]]
name = "fcb-store"
version = "0.1.0"
dependencies = [
 "fcb-core",
 "fcb-source",
 "fcb-test-support",
]

[[package]]
name = "fcb-test-support"
version = "0.1.0"
