# This file is automatically @generated by Cargo.
# It is not intended for manual editing.
version = 4

[[package]]
name = "fcb-core"
version = "0.1.0"

[[package]]
name = "fcb-source"
version = "0.1.0"
dependencies = [
 "fcb-core",
 "fcb-test-support",
]

[[package]]
name = "fcb-test-support"
version = "0.1.0"
